{
  "name": "@salesforce-sentry/isv-cli",
  "version": "0.1.0",
  "lockfileVersion": 3,
  "requires": true,
  "packages": {
    "": {
      "name": "@salesforce-sentry/isv-cli",
      "version": "0.1.0",
      "license": "MIT",
      "dependencies": {
        "@salesforce-sentry/cli-shared": "file:../cli-shared",
        "@salesforce-sentry/sentry-isv": "file:../sentry-isv",
        "diff": "^5.2.0",
        "fast-xml-parser": "^4.3.6",
        "picocolors": "^1.1.0",
        "prompts": "^2.4.2"
      },
      "bin": {
        "sentry-isv": "index.js"
      },
      "engines": {
        "node": ">=18"
      }
    },
    "../cli-shared": {
      "name": "@salesforce-sentry/cli-shared",
      "version": "0.1.0",
      "license": "MIT",
      "dependencies": {
        "diff": "^5.2.0",
        "fast-xml-parser": "^4.3.6",
        "picocolors": "^1.1.0",
        "prompts": "^2.4.2"
      }
    },
    "../sentry-isv": {
      "name": "salesforce-app",
      "version": "1.0.0",
      "dependencies": {
        "@guimini/apex-json-serialization": "^1.0.5"
      },
      "devDependencies": {
        "@lwc/eslint-plugin-lwc": "^3.1.0",
        "@prettier/plugin-xml": "^3.4.1",
        "@salesforce/eslint-config-lwc": "^4.0.0",
        "@salesforce/eslint-plugin-aura": "^3.0.0",
        "@salesforce/eslint-plugin-lightning": "^2.0.0",
        "@salesforce/sfdx-lwc-jest": "^7.0.2",
        "eslint": "^9.29.0",
        "eslint-plugin-import": "^2.31.0",
        "eslint-plugin-jest": "^28.14.0",
        "husky": "^9.1.7",
        "lint-staged": "^16.1.2",
        "prettier": "^3.5.3",
        "prettier-plugin-apex": "^2.2.6"
      }
    },
    "node_modules/@salesforce-sentry/cli-shared": {
      "resolved": "../cli-shared",
      "link": true
    },
    "node_modules/@salesforce-sentry/sentry-isv": {
      "resolved": "../sentry-isv",
      "link": true
    },
    "node_modules/diff": {
      "version": "5.2.2",
      "resolved": "https://registry.npmjs.org/diff/-/diff-5.2.2.tgz",
      "integrity": "sha512-vtcDfH3TOjP8UekytvnHH1o1P4FcUdt4eQ1Y+Abap1tk/OB2MWQvcwS2ClCd1zuIhc3JKOx6p3kod8Vfys3E+A==",
      "license": "BSD-3-Clause",
      "engines": {
        "node": ">=0.3.1"
      }
    },
    "node_modules/fast-xml-parser": {
      "version": "4.5.6",
      "resolved": "https://registry.npmjs.org/fast-xml-parser/-/fast-xml-parser-4.5.6.tgz",
      "integrity": "sha512-Yd4vkROfJf8AuJrDIVMVmYfULKmIJszVsMv7Vo71aocsKgFxpdlpSHXSaInvyYfgw2PRuObQSW2GFpVMUjxu9A==",
      "funding": [
        {
          "type": "github",
          "url": "https://github.com/sponsors/NaturalIntelligence"
        }
      ],
      "license": "MIT",
      "dependencies": {
        "strnum": "^1.0.5"
      },
      "bin": {
        "fxparser": "src/cli/cli.js"
      }
    },
    "node_modules/kleur": {
      "version": "3.0.3",
      "resolved": "https://registry.npmjs.org/kleur/-/kleur-3.0.3.tgz",
      "integrity": "sha512-eTIzlVOSUR+JxdDFepEYcBMtZ9Qqdef+rnzWdRZuMbOywu5tO2w2N7rqjoANZ5k9vywhL6Br1VRjUIgTQx4E8w==",
      "license": "MIT",
      "engines": {
        "node": ">=6"
      }
    },
    "node_modules/picocolors": {
      "version": "1.1.1",
      "resolved": "https://registry.npmjs.org/picocolors/-/picocolors-1.1.1.tgz",
      "integrity": "sha512-xceH2snhtb5M9liqDsmEw56le376mTZkEX/jEb/RxNFyegNul7eNslCXP9FDj/Lcu0X8KEyMceP2ntpaHrDEVA==",
      "license": "ISC"
    },
    "node_modules/prompts": {
      "version": "2.4.2",
      "resolved": "https://registry.npmjs.org/prompts/-/prompts-2.4.2.tgz",
      "integrity": "sha512-NxNv/kLguCA7p3jE8oL2aEBsrJWgAakBpgmgK6lpPWV+WuOmY6r2/zbAVnP+T8bQlA0nzHXSJSJW0Hq7ylaD2Q==",
      "license": "MIT",
      "dependencies": {
        "kleur": "^3.0.3",
        "sisteransi": "^1.0.5"
      },
      "engines": {
        "node": ">= 6"
      }
    },
    "node_modules/sisteransi": {
      "version": "1.0.5",
      "resolved": "https://registry.npmjs.org/sisteransi/-/sisteransi-1.0.5.tgz",
      "integrity": "sha512-bLGGlR1QxBcynn2d5YmDX4MGjlZvy2MRBDRNHLJ8VI6l6+9FUiyTFNJ0IveOSP0bcXgVDPRcfGqA0pjaqUpfVg==",
      "license": "MIT"
    },
    "node_modules/strnum": {
      "version": "1.1.2",
      "resolved": "https://registry.npmjs.org/strnum/-/strnum-1.1.2.tgz",
      "integrity": "sha512-vrN+B7DBIoTTZjnPNewwhx6cBA/H+IS7rfW68n7XxC1y7uoiGQBxaKzqucGUgavX15dJgiGztLJ8vxuEzwqBdA==",
      "funding": [
        {
          "type": "github",
          "url": "https://github.com/sponsors/NaturalIntelligence"
        }
      ],
      "license": "MIT"
    }
  }
}
